
Microsoft Visual Studio Solution File, Format Version 12.00
# Visual Studio Version 16
VisualStudioVersion = 16.0.31321.278
MinimumVisualStudioVersion = 10.0.40219.1
Project("{FAE04EC0-301F-11D3-BF4B-00C04F79EFBC}") = "BitsViewer", "BitsViewer\BitsViewer.csproj", "{EFC8C937-E6AE-4CA3-8E13-E9ACBCCC0FB8}"
EndProject
Project("{FAE04EC0-301F-11D3-BF4B-00C04F79EFBC}") = "FontExporter", "FontExporter\FontExporter.csproj", "{AFD71398-8914-400F-8739-EC7CB6002D8C}"
EndProject
Global
	GlobalSection(SolutionConfigurationPlatforms) = preSolution
		Debug|Any CPU = Debug|Any CPU
		Release|Any CPU = Release|Any CPU
	EndGlobalSection
	GlobalSection(ProjectConfigurationPlatforms) = postSolution
		{EFC8C937-E6AE-4CA3-8E13-E9ACBCCC0FB8}.Debug|Any CPU.ActiveCfg = Debug|Any CPU
		{EFC8C937-E6AE-4CA3-8E13-E9ACBCCC0FB8}.Debug|Any CPU.Build.0 = Debug|Any CPU
		{EFC8C937-E6AE-4CA3-8E13-E9ACBCCC0FB8}.Release|Any CPU.ActiveCfg = Release|Any CPU
		{EFC8C937-E6AE-4CA3-8E13-E9ACBCCC0FB8}.Release|Any CPU.Build.0 = Release|Any CPU
		{AFD71398-8914-400F-8739-EC7CB6002D8C}.Debug|Any CPU.ActiveCfg = Debug|Any CPU
		{AFD71398-8914-400F-8739-EC7CB6002D8C}.Debug|Any CPU.Build.0 = Debug|Any CPU
		{AFD71398-8914-400F-8739-EC7CB6002D8C}.Release|Any CPU.ActiveCfg = Release|Any CPU
		{AFD71398-8914-400F-8739-EC7CB6002D8C}.Release|Any CPU.Build.0 = Release|Any CPU
	EndGlobalSection
	GlobalSection(SolutionProperties) = preSolution
		HideSolutionNode = FALSE
	EndGlobalSection
	GlobalSection(ExtensibilityGlobals) = postSolution
		SolutionGuid = {79125768-27D4-49B7-8AB0-AD2CD7529492}
	EndGlobalSection
EndGlobal
