
Microsoft Visual Studio Solution File, Format Version 12.00
# Visual Studio Version 17
VisualStudioVersion = 17.0.31919.166
MinimumVisualStudioVersion = 10.0.40219.1
Project("{FAE04EC0-301F-11D3-BF4B-00C04F79EFBC}") = "BoardSimUI", "BoardSimUI\BoardSimUI.csproj", "{EA08E4D8-7807-4FB1-AA60-B5A6388C88C9}"
EndProject
Global
	GlobalSection(SolutionConfigurationPlatforms) = preSolution
		Debug|Any CPU = Debug|Any CPU
		Release|Any CPU = Release|Any CPU
	EndGlobalSection
	GlobalSection(ProjectConfigurationPlatforms) = postSolution
		{EA08E4D8-7807-4FB1-AA60-B5A6388C88C9}.Debug|Any CPU.ActiveCfg = Debug|Any CPU
		{EA08E4D8-7807-4FB1-AA60-B5A6388C88C9}.Debug|Any CPU.Build.0 = Debug|Any CPU
		{EA08E4D8-7807-4FB1-AA60-B5A6388C88C9}.Release|Any CPU.ActiveCfg = Release|Any CPU
		{EA08E4D8-7807-4FB1-AA60-B5A6388C88C9}.Release|Any CPU.Build.0 = Release|Any CPU
	EndGlobalSection
	GlobalSection(SolutionProperties) = preSolution
		HideSolutionNode = FALSE
	EndGlobalSection
	GlobalSection(ExtensibilityGlobals) = postSolution
		SolutionGuid = {BCFB77DA-5627-4F32-8D49-C846A5E601D1}
	EndGlobalSection
EndGlobal
